
Microsoft Visual Studio Solution File, Format Version 12.00
# Visual Studio Version 17
VisualStudioVersion = 17.5.002.0
MinimumVisualStudioVersion = 10.0.40219.1
Project("{9A19103F-16F7-4668-BE54-9A1E7A4F7556}") = "dotnet-scripts", "dotnet-scripts\dotnet-scripts.csproj", "{AC678175-A190-4EDA-AA9D-F07B3F02C3A0}"
EndProject
Global
	GlobalSection(SolutionConfigurationPlatforms) = preSolution
		Debug|Any CPU = Debug|Any CPU
		Release|Any CPU = Release|Any CPU
	EndGlobalSection
	GlobalSection(ProjectConfigurationPlatforms) = postSolution
		{AC678175-A190-4EDA-AA9D-F07B3F02C3A0}.Debug|Any CPU.ActiveCfg = Debug|Any CPU
		{AC678175-A190-4EDA-AA9D-F07B3F02C3A0}.Debug|Any CPU.Build.0 = Debug|Any CPU
		{AC678175-A190-4EDA-AA9D-F07B3F02C3A0}.Release|Any CPU.ActiveCfg = Release|Any CPU
		{AC678175-A190-4EDA-AA9D-F07B3F02C3A0}.Release|Any CPU.Build.0 = Release|Any CPU
	EndGlobalSection
	GlobalSection(SolutionProperties) = preSolution
		HideSolutionNode = FALSE
	EndGlobalSection
	GlobalSection(ExtensibilityGlobals) = postSolution
		SolutionGuid = {409C7F93-FE4E-4735-967A-ED99210BEDEC}
	EndGlobalSection
EndGlobal
